
Microsoft Visual Studio Solution File, Format Version 12.00
# Visual Studio Version 17
VisualStudioVersion = 17.1.31911.260
MinimumVisualStudioVersion = 10.0.40219.1
Project("{FAE04EC0-301F-11D3-BF4B-00C04F79EFBC}") = "ECommerceSummer2022", "ECommerceSummer2022\ECommerceSummer2022.csproj", "{D93B0304-0D61-43C0-92BF-8DCE83694521}"
EndProject
Project("{FAE04EC0-301F-11D3-BF4B-00C04F79EFBC}") = "Library.eCommerce", "Library.eCommerce\Library.eCommerce.csproj", "{1F97822C-B3B2-463D-AB5B-38635B6F9D01}"
EndProject
Global
	GlobalSection(SolutionConfigurationPlatforms) = preSolution
		Debug|Any CPU = Debug|Any CPU
		Release|Any CPU = Release|Any CPU
	EndGlobalSection
	GlobalSection(ProjectConfigurationPlatforms) = postSolution
		{D93B0304-0D61-43C0-92BF-8DCE83694521}.Debug|Any CPU.ActiveCfg = Debug|Any CPU
		{D93B0304-0D61-43C0-92BF-8DCE83694521}.Debug|Any CPU.Build.0 = Debug|Any CPU
		{D93B0304-0D61-43C0-92BF-8DCE83694521}.Release|Any CPU.ActiveCfg = Release|Any CPU
		{D93B0304-0D61-43C0-92BF-8DCE83694521}.Release|Any CPU.Build.0 = Release|Any CPU
		{1F97822C-B3B2-463D-AB5B-38635B6F9D01}.Debug|Any CPU.ActiveCfg = Debug|Any CPU
		{1F97822C-B3B2-463D-AB5B-38635B6F9D01}.Debug|Any CPU.Build.0 = Debug|Any CPU
		{1F97822C-B3B2-463D-AB5B-38635B6F9D01}.Release|Any CPU.ActiveCfg = Release|Any CPU
		{1F97822C-B3B2-463D-AB5B-38635B6F9D01}.Release|Any CPU.Build.0 = Release|Any CPU
	EndGlobalSection
	GlobalSection(SolutionProperties) = preSolution
		HideSolutionNode = FALSE
	EndGlobalSection
	GlobalSection(ExtensibilityGlobals) = postSolution
		SolutionGuid = {5506CDE0-1D50-416E-BA34-1D9E89DADEA2}
	EndGlobalSection
EndGlobal
